// !$*UTF8*$!
{
	archiveVersion = 1;
	classes = {
	};
	objectVersion = 52;
	objects = {

/* Begin PBXBuildFile section */
		9A68FD6D26A70D7A002F131D /* Coordinator.swift in Sources */ = {isa = PBXBuildFile; fileRef = 9A68FD6C26A70D7A002F131D /* Coordinator.swift */; };
		9A68FD6F26A70E52002F131D /* BaseCoordinator.swift in Sources */ = {isa = PBXBuildFile; fileRef = 9A68FD6E26A70E52002F131D /* BaseCoordinator.swift */; };
		9AAE21B226A5CCAB000483E2 /* LaunchScreen.storyboard in Resources */ = {isa = PBXBuildFile; fileRef = 9AAE21B026A5CCAB000483E2 /* LaunchScreen.storyboard */; };
		9AAE21BD26A5CCAC000483E2 /* MVVMC_ExampleTests.swift in Sources */ = {isa = PBXBuildFile; fileRef = 9AAE21BC26A5CCAC000483E2 /* MVVMC_ExampleTests.swift */; };
		9AAE21C826A5CCAC000483E2 /* MVVMC_ExampleUITests.swift in Sources */ = {isa = PBXBuildFile; fileRef = 9AAE21C726A5CCAC000483E2 /* MVVMC_ExampleUITests.swift */; };
		9AAE21E026A5CE49000483E2 /* NetworkManager.swift in Sources */ = {isa = PBXBuildFile; fileRef = 9AAE21DE26A5CE49000483E2 /* NetworkManager.swift */; };
		9AAE21E126A5CE49000483E2 /* Networking.swift in Sources */ = {isa = PBXBuildFile; fileRef = 9AAE21DF26A5CE49000483E2 /* Networking.swift */; };
		9AAE21E326A5CE53000483E2 /* RecipeListEndpoint.swift in Sources */ = {isa = PBXBuildFile; fileRef = 9AAE21E226A5CE53000483E2 /* RecipeListEndpoint.swift */; };
		9AAE21E726A5CE77000483E2 /* RecipeRepository.swift in Sources */ = {isa = PBXBuildFile; fileRef = 9AAE21E626A5CE77000483E2 /* RecipeRepository.swift */; };
		9AAE21EA26A5CE8B000483E2 /* RecipeDataModel.swift in Sources */ = {isa = PBXBuildFile; fileRef = 9AAE21E926A5CE8B000483E2 /* RecipeDataModel.swift */; };
		9AAE21ED26A5CEA1000483E2 /* RecipeDataStore.swift in Sources */ = {isa = PBXBuildFile; fileRef = 9AAE21EC26A5CEA1000483E2 /* RecipeDataStore.swift */; };
		9AAE21F826A5CF8F000483E2 /* RecipeRepositoryProtocol.swift in Sources */ = {isa = PBXBuildFile; fileRef = 9AAE21F226A5CF8F000483E2 /* RecipeRepositoryProtocol.swift */; };
		9AAE21F926A5CF8F000483E2 /* Recipe.swift in Sources */ = {isa = PBXBuildFile; fileRef = 9AAE21F426A5CF8F000483E2 /* Recipe.swift */; };
		9AAE21FA26A5CF8F000483E2 /* DataFetchingError.swift in Sources */ = {isa = PBXBuildFile; fileRef = 9AAE21F526A5CF8F000483E2 /* DataFetchingError.swift */; };
		9AAE21FB26A5CF8F000483E2 /* RecipeUseCase.swift in Sources */ = {isa = PBXBuildFile; fileRef = 9AAE21F726A5CF8F000483E2 /* RecipeUseCase.swift */; };
		9AAE220726A5D18F000483E2 /* UIViewController+Extensions.swift in Sources */ = {isa = PBXBuildFile; fileRef = 9AAE21FE26A5D18F000483E2 /* UIViewController+Extensions.swift */; };
		9AAE220826A5D18F000483E2 /* UIView+Extensions.swift in Sources */ = {isa = PBXBuildFile; fileRef = 9AAE21FF26A5D18F000483E2 /* UIView+Extensions.swift */; };
		9AAE220926A5D18F000483E2 /* UIFont+Extensions.swift in Sources */ = {isa = PBXBuildFile; fileRef = 9AAE220026A5D18F000483E2 /* UIFont+Extensions.swift */; };
		9AAE220A26A5D18F000483E2 /* UIColor+Extensions.swift in Sources */ = {isa = PBXBuildFile; fileRef = 9AAE220126A5D18F000483E2 /* UIColor+Extensions.swift */; };
		9AAE220B26A5D18F000483E2 /* UITableView+Extensions.swift in Sources */ = {isa = PBXBuildFile; fileRef = 9AAE220226A5D18F000483E2 /* UITableView+Extensions.swift */; };
		9AAE220C26A5D18F000483E2 /* Storyboard+Extensions.swift in Sources */ = {isa = PBXBuildFile; fileRef = 9AAE220326A5D18F000483E2 /* Storyboard+Extensions.swift */; };
		9AAE220D26A5D18F000483E2 /* Observable.swift in Sources */ = {isa = PBXBuildFile; fileRef = 9AAE220426A5D18F000483E2 /* Observable.swift */; };
		9AAE220E26A5D18F000483E2 /* LoadingView.swift in Sources */ = {isa = PBXBuildFile; fileRef = 9AAE220526A5D18F000483E2 /* LoadingView.swift */; };
		9AAE222426A5D350000483E2 /* RecipeListViewModel.swift in Sources */ = {isa = PBXBuildFile; fileRef = 9AAE221326A5D350000483E2 /* RecipeListViewModel.swift */; };
		9AAE222726A5D350000483E2 /* RecipeListViewController.swift in Sources */ = {isa = PBXBuildFile; fileRef = 9AAE221A26A5D350000483E2 /* RecipeListViewController.swift */; };
		9AAE222826A5D350000483E2 /* RecipeTableViewCell.xib in Resources */ = {isa = PBXBuildFile; fileRef = 9AAE221D26A5D350000483E2 /* RecipeTableViewCell.xib */; };
		9AAE222926A5D350000483E2 /* RecipeTableViewCell.swift in Sources */ = {isa = PBXBuildFile; fileRef = 9AAE221E26A5D350000483E2 /* RecipeTableViewCell.swift */; };
		9AAE222A26A5D350000483E2 /* RecipeCellViewModel.swift in Sources */ = {isa = PBXBuildFile; fileRef = 9AAE221F26A5D350000483E2 /* RecipeCellViewModel.swift */; };
		9AAE222B26A5D350000483E2 /* DateTableViewCell.swift in Sources */ = {isa = PBXBuildFile; fileRef = 9AAE222126A5D350000483E2 /* DateTableViewCell.swift */; };
		9AAE222C26A5D350000483E2 /* DateCellViewModel.swift in Sources */ = {isa = PBXBuildFile; fileRef = 9AAE222226A5D350000483E2 /* DateCellViewModel.swift */; };
		9AAE222D26A5D350000483E2 /* DateTableViewCell.xib in Resources */ = {isa = PBXBuildFile; fileRef = 9AAE222326A5D350000483E2 /* DateTableViewCell.xib */; };
		9AAE223B26A5D3EE000483E2 /* AppCoordinator.swift in Sources */ = {isa = PBXBuildFile; fileRef = 9AAE222F26A5D3EE000483E2 /* AppCoordinator.swift */; };
		9AAE223C26A5D3EE000483E2 /* AppNavigation.swift in Sources */ = {isa = PBXBuildFile; fileRef = 9AAE223026A5D3EE000483E2 /* AppNavigation.swift */; };
		9AAE223D26A5D3EE000483E2 /* AppDIContainer.swift in Sources */ = {isa = PBXBuildFile; fileRef = 9AAE223226A5D3EE000483E2 /* AppDIContainer.swift */; };
		9AAE223E26A5D3EE000483E2 /* RecipeDIContainer.swift in Sources */ = {isa = PBXBuildFile; fileRef = 9AAE223326A5D3EE000483E2 /* RecipeDIContainer.swift */; };
		9AAE223F26A5D3EE000483E2 /* AppDelegate.swift in Sources */ = {isa = PBXBuildFile; fileRef = 9AAE223426A5D3EE000483E2 /* AppDelegate.swift */; };
		9AAE224026A5D3EE000483E2 /* SceneDelegate.swift in Sources */ = {isa = PBXBuildFile; fileRef = 9AAE223526A5D3EE000483E2 /* SceneDelegate.swift */; };
		9AAE224126A5D3EE000483E2 /* Constants.swift in Sources */ = {isa = PBXBuildFile; fileRef = 9AAE223726A5D3EE000483E2 /* Constants.swift */; };
		9AAE224226A5D3EE000483E2 /* Assets.xcassets in Resources */ = {isa = PBXBuildFile; fileRef = 9AAE223926A5D3EE000483E2 /* Assets.xcassets */; };
		9AAE224626A5D52F000483E2 /* Alamofire in Frameworks */ = {isa = PBXBuildFile; productRef = 9AAE224526A5D52F000483E2 /* Alamofire */; };
		9AAE224926A5D562000483E2 /* SDWebImage in Frameworks */ = {isa = PBXBuildFile; productRef = 9AAE224826A5D562000483E2 /* SDWebImage */; };
		9AAE225126A642F7000483E2 /* RecipeDetailsViewController.swift in Sources */ = {isa = PBXBuildFile; fileRef = 9AAE225026A642F7000483E2 /* RecipeDetailsViewController.swift */; };
		9ACBC10526B978FC00B5B0D2 /* RecipeListViewBuilder.swift in Sources */ = {isa = PBXBuildFile; fileRef = 9ACBC10426B978FC00B5B0D2 /* RecipeListViewBuilder.swift */; };
		9ACBC10726B9797800B5B0D2 /* RecipeDetailsCoordinator.swift in Sources */ = {isa = PBXBuildFile; fileRef = 9ACBC10626B9797800B5B0D2 /* RecipeDetailsCoordinator.swift */; };
		9ACBC10926B97AE800B5B0D2 /* RecipeDetailsViewModel.swift in Sources */ = {isa = PBXBuildFile; fileRef = 9ACBC10826B97AE800B5B0D2 /* RecipeDetailsViewModel.swift */; };
		9ACBC10B26BAC1CE00B5B0D2 /* HFTabBarController.swift in Sources */ = {isa = PBXBuildFile; fileRef = 9ACBC10A26BAC1CE00B5B0D2 /* HFTabBarController.swift */; };
		C38C658226B96976008A3975 /* RecipeListCoordinator.swift in Sources */ = {isa = PBXBuildFile; fileRef = C38C658126B96976008A3975 /* RecipeListCoordinator.swift */; };
		F97BF54826B98A730018F58F /* RecipeDetailsViewBuilder.swift in Sources */ = {isa = PBXBuildFile; fileRef = F97BF54726B98A730018F58F /* RecipeDetailsViewBuilder.swift */; };
/* End PBXBuildFile section */

/* Begin PBXContainerItemProxy section */
		9AAE21B926A5CCAC000483E2 /* PBXContainerItemProxy */ = {
			isa = PBXContainerItemProxy;
			containerPortal = 9AAE219A26A5CCAA000483E2 /* Project object */;
			proxyType = 1;
			remoteGlobalIDString = 9AAE21A126A5CCAB000483E2;
			remoteInfo = "MVVMC Example";
		};
		9AAE21C426A5CCAC000483E2 /* PBXContainerItemProxy */ = {
			isa = PBXContainerItemProxy;
			containerPortal = 9AAE219A26A5CCAA000483E2 /* Project object */;
			proxyType = 1;
			remoteGlobalIDString = 9AAE21A126A5CCAB000483E2;
			remoteInfo = "MVVMC Example";
		};
/* End PBXContainerItemProxy section */

/* Begin PBXFileReference section */
		9A68FD6C26A70D7A002F131D /* Coordinator.swift */ = {isa = PBXFileReference; lastKnownFileType = sourcecode.swift; path = Coordinator.swift; sourceTree = "<group>"; };
		9A68FD6E26A70E52002F131D /* BaseCoordinator.swift */ = {isa = PBXFileReference; lastKnownFileType = sourcecode.swift; path = BaseCoordinator.swift; sourceTree = "<group>"; };
		9AAE21A226A5CCAB000483E2 /* MVVMC Example.app */ = {isa = PBXFileReference; explicitFileType = wrapper.application; includeInIndex = 0; path = "MVVMC Example.app"; sourceTree = BUILT_PRODUCTS_DIR; };
		9AAE21B126A5CCAB000483E2 /* Base */ = {isa = PBXFileReference; lastKnownFileType = file.storyboard; name = Base; path = Base.lproj/LaunchScreen.storyboard; sourceTree = "<group>"; };
		9AAE21B326A5CCAB000483E2 /* Info.plist */ = {isa = PBXFileReference; lastKnownFileType = text.plist.xml; path = Info.plist; sourceTree = "<group>"; };
		9AAE21B826A5CCAC000483E2 /* MVVMC ExampleTests.xctest */ = {isa = PBXFileReference; explicitFileType = wrapper.cfbundle; includeInIndex = 0; path = "MVVMC ExampleTests.xctest"; sourceTree = BUILT_PRODUCTS_DIR; };
		9AAE21BC26A5CCAC000483E2 /* MVVMC_ExampleTests.swift */ = {isa = PBXFileReference; lastKnownFileType = sourcecode.swift; path = MVVMC_ExampleTests.swift; sourceTree = "<group>"; };
		9AAE21BE26A5CCAC000483E2 /* Info.plist */ = {isa = PBXFileReference; lastKnownFileType = text.plist.xml; path = Info.plist; sourceTree = "<group>"; };
		9AAE21C326A5CCAC000483E2 /* MVVMC ExampleUITests.xctest */ = {isa = PBXFileReference; explicitFileType = wrapper.cfbundle; includeInIndex = 0; path = "MVVMC ExampleUITests.xctest"; sourceTree = BUILT_PRODUCTS_DIR; };
		9AAE21C726A5CCAC000483E2 /* MVVMC_ExampleUITests.swift */ = {isa = PBXFileReference; lastKnownFileType = sourcecode.swift; path = MVVMC_ExampleUITests.swift; sourceTree = "<group>"; };
		9AAE21C926A5CCAC000483E2 /* Info.plist */ = {isa = PBXFileReference; lastKnownFileType = text.plist.xml; path = Info.plist; sourceTree = "<group>"; };
		9AAE21DE26A5CE49000483E2 /* NetworkManager.swift */ = {isa = PBXFileReference; fileEncoding = 4; lastKnownFileType = sourcecode.swift; path = NetworkManager.swift; sourceTree = "<group>"; };
		9AAE21DF26A5CE49000483E2 /* Networking.swift */ = {isa = PBXFileReference; fileEncoding = 4; lastKnownFileType = sourcecode.swift; path = Networking.swift; sourceTree = "<group>"; };
		9AAE21E226A5CE53000483E2 /* RecipeListEndpoint.swift */ = {isa = PBXFileReference; fileEncoding = 4; lastKnownFileType = sourcecode.swift; path = RecipeListEndpoint.swift; sourceTree = "<group>"; };
		9AAE21E626A5CE77000483E2 /* RecipeRepository.swift */ = {isa = PBXFileReference; fileEncoding = 4; lastKnownFileType = sourcecode.swift; path = RecipeRepository.swift; sourceTree = "<group>"; };
		9AAE21E926A5CE8B000483E2 /* RecipeDataModel.swift */ = {isa = PBXFileReference; fileEncoding = 4; lastKnownFileType = sourcecode.swift; path = RecipeDataModel.swift; sourceTree = "<group>"; };
		9AAE21EC26A5CEA1000483E2 /* RecipeDataStore.swift */ = {isa = PBXFileReference; fileEncoding = 4; lastKnownFileType = sourcecode.swift; path = RecipeDataStore.swift; sourceTree = "<group>"; };
		9AAE21F226A5CF8F000483E2 /* RecipeRepositoryProtocol.swift */ = {isa = PBXFileReference; fileEncoding = 4; lastKnownFileType = sourcecode.swift; path = RecipeRepositoryProtocol.swift; sourceTree = "<group>"; };
		9AAE21F426A5CF8F000483E2 /* Recipe.swift */ = {isa = PBXFileReference; fileEncoding = 4; lastKnownFileType = sourcecode.swift; path = Recipe.swift; sourceTree = "<group>"; };
		9AAE21F526A5CF8F000483E2 /* DataFetchingError.swift */ = {isa = PBXFileReference; fileEncoding = 4; lastKnownFileType = sourcecode.swift; path = DataFetchingError.swift; sourceTree = "<group>"; };
		9AAE21F726A5CF8F000483E2 /* RecipeUseCase.swift */ = {isa = PBXFileReference; fileEncoding = 4; lastKnownFileType = sourcecode.swift; path = RecipeUseCase.swift; sourceTree = "<group>"; };
		9AAE21FE26A5D18F000483E2 /* UIViewController+Extensions.swift */ = {isa = PBXFileReference; fileEncoding = 4; lastKnownFileType = sourcecode.swift; path = "UIViewController+Extensions.swift"; sourceTree = "<group>"; };
		9AAE21FF26A5D18F000483E2 /* UIView+Extensions.swift */ = {isa = PBXFileReference; fileEncoding = 4; lastKnownFileType = sourcecode.swift; path = "UIView+Extensions.swift"; sourceTree = "<group>"; };
		9AAE220026A5D18F000483E2 /* UIFont+Extensions.swift */ = {isa = PBXFileReference; fileEncoding = 4; lastKnownFileType = sourcecode.swift; path = "UIFont+Extensions.swift"; sourceTree = "<group>"; };
		9AAE220126A5D18F000483E2 /* UIColor+Extensions.swift */ = {isa = PBXFileReference; fileEncoding = 4; lastKnownFileType = sourcecode.swift; path = "UIColor+Extensions.swift"; sourceTree = "<group>"; };
		9AAE220226A5D18F000483E2 /* UITableView+Extensions.swift */ = {isa = PBXFileReference; fileEncoding = 4; lastKnownFileType = sourcecode.swift; path = "UITableView+Extensions.swift"; sourceTree = "<group>"; };
		9AAE220326A5D18F000483E2 /* Storyboard+Extensions.swift */ = {isa = PBXFileReference; fileEncoding = 4; lastKnownFileType = sourcecode.swift; path = "Storyboard+Extensions.swift"; sourceTree = "<group>"; };
		9AAE220426A5D18F000483E2 /* Observable.swift */ = {isa = PBXFileReference; fileEncoding = 4; lastKnownFileType = sourcecode.swift; path = Observable.swift; sourceTree = "<group>"; };
		9AAE220526A5D18F000483E2 /* LoadingView.swift */ = {isa = PBXFileReference; fileEncoding = 4; lastKnownFileType = sourcecode.swift; path = LoadingView.swift; sourceTree = "<group>"; };
		9AAE221326A5D350000483E2 /* RecipeListViewModel.swift */ = {isa = PBXFileReference; fileEncoding = 4; lastKnownFileType = sourcecode.swift; path = RecipeListViewModel.swift; sourceTree = "<group>"; };
		9AAE221A26A5D350000483E2 /* RecipeListViewController.swift */ = {isa = PBXFileReference; fileEncoding = 4; lastKnownFileType = sourcecode.swift; path = RecipeListViewController.swift; sourceTree = "<group>"; };
		9AAE221D26A5D350000483E2 /* RecipeTableViewCell.xib */ = {isa = PBXFileReference; fileEncoding = 4; lastKnownFileType = file.xib; path = RecipeTableViewCell.xib; sourceTree = "<group>"; };
		9AAE221E26A5D350000483E2 /* RecipeTableViewCell.swift */ = {isa = PBXFileReference; fileEncoding = 4; lastKnownFileType = sourcecode.swift; path = RecipeTableViewCell.swift; sourceTree = "<group>"; };
		9AAE221F26A5D350000483E2 /* RecipeCellViewModel.swift */ = {isa = PBXFileReference; fileEncoding = 4; lastKnownFileType = sourcecode.swift; path = RecipeCellViewModel.swift; sourceTree = "<group>"; };
		9AAE222126A5D350000483E2 /* DateTableViewCell.swift */ = {isa = PBXFileReference; fileEncoding = 4; lastKnownFileType = sourcecode.swift; path = DateTableViewCell.swift; sourceTree = "<group>"; };
		9AAE222226A5D350000483E2 /* DateCellViewModel.swift */ = {isa = PBXFileReference; fileEncoding = 4; lastKnownFileType = sourcecode.swift; path = DateCellViewModel.swift; sourceTree = "<group>"; };
		9AAE222326A5D350000483E2 /* DateTableViewCell.xib */ = {isa = PBXFileReference; fileEncoding = 4; lastKnownFileType = file.xib; path = DateTableViewCell.xib; sourceTree = "<group>"; };
		9AAE222F26A5D3EE000483E2 /* AppCoordinator.swift */ = {isa = PBXFileReference; fileEncoding = 4; lastKnownFileType = sourcecode.swift; path = AppCoordinator.swift; sourceTree = "<group>"; };
		9AAE223026A5D3EE000483E2 /* AppNavigation.swift */ = {isa = PBXFileReference; fileEncoding = 4; lastKnownFileType = sourcecode.swift; path = AppNavigation.swift; sourceTree = "<group>"; };
		9AAE223226A5D3EE000483E2 /* AppDIContainer.swift */ = {isa = PBXFileReference; fileEncoding = 4; lastKnownFileType = sourcecode.swift; path = AppDIContainer.swift; sourceTree = "<group>"; };
		9AAE223326A5D3EE000483E2 /* RecipeDIContainer.swift */ = {isa = PBXFileReference; fileEncoding = 4; lastKnownFileType = sourcecode.swift; path = RecipeDIContainer.swift; sourceTree = "<group>"; };
		9AAE223426A5D3EE000483E2 /* AppDelegate.swift */ = {isa = PBXFileReference; fileEncoding = 4; lastKnownFileType = sourcecode.swift; path = AppDelegate.swift; sourceTree = "<group>"; };
		9AAE223526A5D3EE000483E2 /* SceneDelegate.swift */ = {isa = PBXFileReference; fileEncoding = 4; lastKnownFileType = sourcecode.swift; path = SceneDelegate.swift; sourceTree = "<group>"; };
		9AAE223726A5D3EE000483E2 /* Constants.swift */ = {isa = PBXFileReference; fileEncoding = 4; lastKnownFileType = sourcecode.swift; path = Constants.swift; sourceTree = "<group>"; };
		9AAE223926A5D3EE000483E2 /* Assets.xcassets */ = {isa = PBXFileReference; lastKnownFileType = folder.assetcatalog; path = Assets.xcassets; sourceTree = "<group>"; };
		9AAE225026A642F7000483E2 /* RecipeDetailsViewController.swift */ = {isa = PBXFileReference; lastKnownFileType = sourcecode.swift; path = RecipeDetailsViewController.swift; sourceTree = "<group>"; };
		9ACBC10426B978FC00B5B0D2 /* RecipeListViewBuilder.swift */ = {isa = PBXFileReference; lastKnownFileType = sourcecode.swift; path = RecipeListViewBuilder.swift; sourceTree = "<group>"; };
		9ACBC10626B9797800B5B0D2 /* RecipeDetailsCoordinator.swift */ = {isa = PBXFileReference; lastKnownFileType = sourcecode.swift; path = RecipeDetailsCoordinator.swift; sourceTree = "<group>"; };
		9ACBC10826B97AE800B5B0D2 /* RecipeDetailsViewModel.swift */ = {isa = PBXFileReference; lastKnownFileType = sourcecode.swift; path = RecipeDetailsViewModel.swift; sourceTree = "<group>"; };
		9ACBC10A26BAC1CE00B5B0D2 /* HFTabBarController.swift */ = {isa = PBXFileReference; lastKnownFileType = sourcecode.swift; path = HFTabBarController.swift; sourceTree = "<group>"; };
		C38C658126B96976008A3975 /* RecipeListCoordinator.swift */ = {isa = PBXFileReference; lastKnownFileType = sourcecode.swift; path = RecipeListCoordinator.swift; sourceTree = "<group>"; };
		F97BF54726B98A730018F58F /* RecipeDetailsViewBuilder.swift */ = {isa = PBXFileReference; lastKnownFileType = sourcecode.swift; path = RecipeDetailsViewBuilder.swift; sourceTree = "<group>"; };
/* End PBXFileReference section */

/* Begin PBXFrameworksBuildPhase section */
		9AAE219F26A5CCAB000483E2 /* Frameworks */ = {
			isa = PBXFrameworksBuildPhase;
			buildActionMask = 2147483647;
			files = (
				9AAE224926A5D562000483E2 /* SDWebImage in Frameworks */,
				9AAE224626A5D52F000483E2 /* Alamofire in Frameworks */,
			);
			runOnlyForDeploymentPostprocessing = 0;
		};
		9AAE21B526A5CCAC000483E2 /* Frameworks */ = {
			isa = PBXFrameworksBuildPhase;
			buildActionMask = 2147483647;
			files = (
			);
			runOnlyForDeploymentPostprocessing = 0;
		};
		9AAE21C026A5CCAC000483E2 /* Frameworks */ = {
			isa = PBXFrameworksBuildPhase;
			buildActionMask = 2147483647;
			files = (
			);
			runOnlyForDeploymentPostprocessing = 0;
		};
/* End PBXFrameworksBuildPhase section */

/* Begin PBXGroup section */
		9A68FD6B26A70D6B002F131D /* Coordinator */ = {
			isa = PBXGroup;
			children = (
				9A68FD6C26A70D7A002F131D /* Coordinator.swift */,
				9A68FD6E26A70E52002F131D /* BaseCoordinator.swift */,
			);
			path = Coordinator;
			sourceTree = "<group>";
		};
		9AAE219926A5CCAA000483E2 = {
			isa = PBXGroup;
			children = (
				9AAE21A426A5CCAB000483E2 /* MVVMC Example */,
				9AAE21BB26A5CCAC000483E2 /* MVVMC ExampleTests */,
				9AAE21C626A5CCAC000483E2 /* MVVMC ExampleUITests */,
				9AAE21A326A5CCAB000483E2 /* Products */,
			);
			sourceTree = "<group>";
		};
		9AAE21A326A5CCAB000483E2 /* Products */ = {
			isa = PBXGroup;
			children = (
				9AAE21A226A5CCAB000483E2 /* MVVMC Example.app */,
				9AAE21B826A5CCAC000483E2 /* MVVMC ExampleTests.xctest */,
				9AAE21C326A5CCAC000483E2 /* MVVMC ExampleUITests.xctest */,
			);
			name = Products;
			sourceTree = "<group>";
		};
		9AAE21A426A5CCAB000483E2 /* MVVMC Example */ = {
			isa = PBXGroup;
			children = (
				9AAE223626A5D3EE000483E2 /* Commons */,
				9AAE222E26A5D3EE000483E2 /* Startup */,
				9AAE21D526A5CCB8000483E2 /* App */,
				9AAE21B026A5CCAB000483E2 /* LaunchScreen.storyboard */,
			);
			path = "MVVMC Example";
			sourceTree = "<group>";
		};
		9AAE21BB26A5CCAC000483E2 /* MVVMC ExampleTests */ = {
			isa = PBXGroup;
			children = (
				9AAE21BC26A5CCAC000483E2 /* MVVMC_ExampleTests.swift */,
				9AAE21BE26A5CCAC000483E2 /* Info.plist */,
			);
			path = "MVVMC ExampleTests";
			sourceTree = "<group>";
		};
		9AAE21C626A5CCAC000483E2 /* MVVMC ExampleUITests */ = {
			isa = PBXGroup;
			children = (
				9AAE21C726A5CCAC000483E2 /* MVVMC_ExampleUITests.swift */,
				9AAE21C926A5CCAC000483E2 /* Info.plist */,
			);
			path = "MVVMC ExampleUITests";
			sourceTree = "<group>";
		};
		9AAE21D526A5CCB8000483E2 /* App */ = {
			isa = PBXGroup;
			children = (
				9AAE21DA26A5CD01000483E2 /* UI */,
				9AAE21F026A5CF8F000483E2 /* Domain */,
				9AAE21D926A5CCFD000483E2 /* Data */,
			);
			path = App;
			sourceTree = "<group>";
		};
		9AAE21D926A5CCFD000483E2 /* Data */ = {
			isa = PBXGroup;
			children = (
				9AAE21EB26A5CE95000483E2 /* DataStores */,
				9AAE21E826A5CE7F000483E2 /* DataModels */,
				9AAE21E526A5CE68000483E2 /* Repositories */,
				9AAE21DD26A5CE32000483E2 /* Networking */,
			);
			path = Data;
			sourceTree = "<group>";
		};
		9AAE21DA26A5CD01000483E2 /* UI */ = {
			isa = PBXGroup;
			children = (
				9A68FD6B26A70D6B002F131D /* Coordinator */,
				9AAE221026A5D350000483E2 /* Recipe */,
				9AAE21FC26A5D18F000483E2 /* Utils */,
				9ACBC10A26BAC1CE00B5B0D2 /* HFTabBarController.swift */,
			);
			path = UI;
			sourceTree = "<group>";
		};
		9AAE21DD26A5CE32000483E2 /* Networking */ = {
			isa = PBXGroup;
			children = (
				9AAE21E426A5CE56000483E2 /* Endpoints */,
				9AAE21DF26A5CE49000483E2 /* Networking.swift */,
				9AAE21DE26A5CE49000483E2 /* NetworkManager.swift */,
			);
			path = Networking;
			sourceTree = "<group>";
		};
		9AAE21E426A5CE56000483E2 /* Endpoints */ = {
			isa = PBXGroup;
			children = (
				9AAE21E226A5CE53000483E2 /* RecipeListEndpoint.swift */,
			);
			path = Endpoints;
			sourceTree = "<group>";
		};
		9AAE21E526A5CE68000483E2 /* Repositories */ = {
			isa = PBXGroup;
			children = (
				9AAE21E626A5CE77000483E2 /* RecipeRepository.swift */,
			);
			path = Repositories;
			sourceTree = "<group>";
		};
		9AAE21E826A5CE7F000483E2 /* DataModels */ = {
			isa = PBXGroup;
			children = (
				9AAE21E926A5CE8B000483E2 /* RecipeDataModel.swift */,
			);
			path = DataModels;
			sourceTree = "<group>";
		};
		9AAE21EB26A5CE95000483E2 /* DataStores */ = {
			isa = PBXGroup;
			children = (
				9AAE21EC26A5CEA1000483E2 /* RecipeDataStore.swift */,
			);
			path = DataStores;
			sourceTree = "<group>";
		};
		9AAE21F026A5CF8F000483E2 /* Domain */ = {
			isa = PBXGroup;
			children = (
				9AAE21F126A5CF8F000483E2 /* Repositories */,
				9AAE21F326A5CF8F000483E2 /* Models */,
				9AAE21F626A5CF8F000483E2 /* UseCases */,
			);
			path = Domain;
			sourceTree = "<group>";
		};
		9AAE21F126A5CF8F000483E2 /* Repositories */ = {
			isa = PBXGroup;
			children = (
				9AAE21F226A5CF8F000483E2 /* RecipeRepositoryProtocol.swift */,
			);
			path = Repositories;
			sourceTree = "<group>";
		};
		9AAE21F326A5CF8F000483E2 /* Models */ = {
			isa = PBXGroup;
			children = (
				9AAE21F426A5CF8F000483E2 /* Recipe.swift */,
				9AAE21F526A5CF8F000483E2 /* DataFetchingError.swift */,
			);
			path = Models;
			sourceTree = "<group>";
		};
		9AAE21F626A5CF8F000483E2 /* UseCases */ = {
			isa = PBXGroup;
			children = (
				9AAE21F726A5CF8F000483E2 /* RecipeUseCase.swift */,
			);
			path = UseCases;
			sourceTree = "<group>";
		};
		9AAE21FC26A5D18F000483E2 /* Utils */ = {
			isa = PBXGroup;
			children = (
				9AAE21FD26A5D18F000483E2 /* Extensions */,
				9AAE220426A5D18F000483E2 /* Observable.swift */,
				9AAE220526A5D18F000483E2 /* LoadingView.swift */,
			);
			path = Utils;
			sourceTree = "<group>";
		};
		9AAE21FD26A5D18F000483E2 /* Extensions */ = {
			isa = PBXGroup;
			children = (
				9AAE21FE26A5D18F000483E2 /* UIViewController+Extensions.swift */,
				9AAE21FF26A5D18F000483E2 /* UIView+Extensions.swift */,
				9AAE220026A5D18F000483E2 /* UIFont+Extensions.swift */,
				9AAE220126A5D18F000483E2 /* UIColor+Extensions.swift */,
				9AAE220226A5D18F000483E2 /* UITableView+Extensions.swift */,
				9AAE220326A5D18F000483E2 /* Storyboard+Extensions.swift */,
			);
			path = Extensions;
			sourceTree = "<group>";
		};
		9AAE221026A5D350000483E2 /* Recipe */ = {
			isa = PBXGroup;
			children = (
				9AAE224A26A63EF5000483E2 /* RecipeDetails */,
				9AAE221126A5D350000483E2 /* RecipeList */,
			);
			path = Recipe;
			sourceTree = "<group>";
		};
		9AAE221126A5D350000483E2 /* RecipeList */ = {
			isa = PBXGroup;
			children = (
				C38C658026B9696B008A3975 /* Coordinator */,
				9AAE221226A5D350000483E2 /* ViewModel */,
				9AAE221826A5D350000483E2 /* View */,
			);
			path = RecipeList;
			sourceTree = "<group>";
		};
		9AAE221226A5D350000483E2 /* ViewModel */ = {
			isa = PBXGroup;
			children = (
				9AAE221326A5D350000483E2 /* RecipeListViewModel.swift */,
			);
			path = ViewModel;
			sourceTree = "<group>";
		};
		9AAE221826A5D350000483E2 /* View */ = {
			isa = PBXGroup;
			children = (
				9AAE221926A5D350000483E2 /* ViewController */,
				9AAE221B26A5D350000483E2 /* Views */,
			);
			path = View;
			sourceTree = "<group>";
		};
		9AAE221926A5D350000483E2 /* ViewController */ = {
			isa = PBXGroup;
			children = (
				9AAE221A26A5D350000483E2 /* RecipeListViewController.swift */,
			);
			path = ViewController;
			sourceTree = "<group>";
		};
		9AAE221B26A5D350000483E2 /* Views */ = {
			isa = PBXGroup;
			children = (
				9AAE221C26A5D350000483E2 /* RecipeCell */,
				9AAE222026A5D350000483E2 /* DateCell */,
			);
			path = Views;
			sourceTree = "<group>";
		};
		9AAE221C26A5D350000483E2 /* RecipeCell */ = {
			isa = PBXGroup;
			children = (
				9AAE221D26A5D350000483E2 /* RecipeTableViewCell.xib */,
				9AAE221E26A5D350000483E2 /* RecipeTableViewCell.swift */,
				9AAE221F26A5D350000483E2 /* RecipeCellViewModel.swift */,
			);
			path = RecipeCell;
			sourceTree = "<group>";
		};
		9AAE222026A5D350000483E2 /* DateCell */ = {
			isa = PBXGroup;
			children = (
				9AAE222126A5D350000483E2 /* DateTableViewCell.swift */,
				9AAE222226A5D350000483E2 /* DateCellViewModel.swift */,
				9AAE222326A5D350000483E2 /* DateTableViewCell.xib */,
			);
			path = DateCell;
			sourceTree = "<group>";
		};
		9AAE222E26A5D3EE000483E2 /* Startup */ = {
			isa = PBXGroup;
			children = (
				9AAE222F26A5D3EE000483E2 /* AppCoordinator.swift */,
				9AAE223026A5D3EE000483E2 /* AppNavigation.swift */,
				9AAE223126A5D3EE000483E2 /* DIContainers */,
				9AAE223426A5D3EE000483E2 /* AppDelegate.swift */,
				9AAE223526A5D3EE000483E2 /* SceneDelegate.swift */,
			);
			path = Startup;
			sourceTree = "<group>";
		};
		9AAE223126A5D3EE000483E2 /* DIContainers */ = {
			isa = PBXGroup;
			children = (
				9AAE223226A5D3EE000483E2 /* AppDIContainer.swift */,
				9AAE223326A5D3EE000483E2 /* RecipeDIContainer.swift */,
			);
			path = DIContainers;
			sourceTree = "<group>";
		};
		9AAE223626A5D3EE000483E2 /* Commons */ = {
			isa = PBXGroup;
			children = (
				9AAE223726A5D3EE000483E2 /* Constants.swift */,
				9AAE223826A5D3EE000483E2 /* Resources */,
			);
			path = Commons;
			sourceTree = "<group>";
		};
		9AAE223826A5D3EE000483E2 /* Resources */ = {
			isa = PBXGroup;
			children = (
				9AAE21B326A5CCAB000483E2 /* Info.plist */,
				9AAE223926A5D3EE000483E2 /* Assets.xcassets */,
			);
			path = Resources;
			sourceTree = "<group>";
		};
		9AAE224A26A63EF5000483E2 /* RecipeDetails */ = {
			isa = PBXGroup;
			children = (
				9AAE224E26A63F32000483E2 /* Coordinator */,
				9AAE224C26A63F0B000483E2 /* ViewModel */,
				9AAE224B26A63EFD000483E2 /* View */,
			);
			path = RecipeDetails;
			sourceTree = "<group>";
		};
		9AAE224B26A63EFD000483E2 /* View */ = {
			isa = PBXGroup;
			children = (
				9AAE225026A642F7000483E2 /* RecipeDetailsViewController.swift */,
			);
			path = View;
			sourceTree = "<group>";
		};
		9AAE224C26A63F0B000483E2 /* ViewModel */ = {
			isa = PBXGroup;
			children = (
				9ACBC10826B97AE800B5B0D2 /* RecipeDetailsViewModel.swift */,
			);
			path = ViewModel;
			sourceTree = "<group>";
		};
		9AAE224E26A63F32000483E2 /* Coordinator */ = {
			isa = PBXGroup;
			children = (
				9ACBC10626B9797800B5B0D2 /* RecipeDetailsCoordinator.swift */,
				F97BF54726B98A730018F58F /* RecipeDetailsViewBuilder.swift */,
			);
			path = Coordinator;
			sourceTree = "<group>";
		};
		C38C658026B9696B008A3975 /* Coordinator */ = {
			isa = PBXGroup;
			children = (
				C38C658126B96976008A3975 /* RecipeListCoordinator.swift */,
				9ACBC10426B978FC00B5B0D2 /* RecipeListViewBuilder.swift */,
			);
			path = Coordinator;
			sourceTree = "<group>";
		};
/* End PBXGroup section */

/* Begin PBXNativeTarget section */
		9AAE21A126A5CCAB000483E2 /* MVVMC Example */ = {
			isa = PBXNativeTarget;
			buildConfigurationList = 9AAE21CC26A5CCAC000483E2 /* Build configuration list for PBXNativeTarget "MVVMC Example" */;
			buildPhases = (
				9AAE219E26A5CCAB000483E2 /* Sources */,
				9AAE219F26A5CCAB000483E2 /* Frameworks */,
				9AAE21A026A5CCAB000483E2 /* Resources */,
			);
			buildRules = (
			);
			dependencies = (
			);
			name = "MVVMC Example";
			packageProductDependencies = (
				9AAE224526A5D52F000483E2 /* Alamofire */,
				9AAE224826A5D562000483E2 /* SDWebImage */,
			);
			productName = "MVVMC Example";
			productReference = 9AAE21A226A5CCAB000483E2 /* MVVMC Example.app */;
			productType = "com.apple.product-type.application";
		};
		9AAE21B726A5CCAC000483E2 /* MVVMC ExampleTests */ = {
			isa = PBXNativeTarget;
			buildConfigurationList = 9AAE21CF26A5CCAC000483E2 /* Build configuration list for PBXNativeTarget "MVVMC ExampleTests" */;
			buildPhases = (
				9AAE21B426A5CCAC000483E2 /* Sources */,
				9AAE21B526A5CCAC000483E2 /* Frameworks */,
				9AAE21B626A5CCAC000483E2 /* Resources */,
			);
			buildRules = (
			);
			dependencies = (
				9AAE21BA26A5CCAC000483E2 /* PBXTargetDependency */,
			);
			name = "MVVMC ExampleTests";
			productName = "MVVMC ExampleTests";
			productReference = 9AAE21B826A5CCAC000483E2 /* MVVMC ExampleTests.xctest */;
			productType = "com.apple.product-type.bundle.unit-test";
		};
		9AAE21C226A5CCAC000483E2 /* MVVMC ExampleUITests */ = {
			isa = PBXNativeTarget;
			buildConfigurationList = 9AAE21D226A5CCAC000483E2 /* Build configuration list for PBXNativeTarget "MVVMC ExampleUITests" */;
			buildPhases = (
				9AAE21BF26A5CCAC000483E2 /* Sources */,
				9AAE21C026A5CCAC000483E2 /* Frameworks */,
				9AAE21C126A5CCAC000483E2 /* Resources */,
			);
			buildRules = (
			);
			dependencies = (
				9AAE21C526A5CCAC000483E2 /* PBXTargetDependency */,
			);
			name = "MVVMC ExampleUITests";
			productName = "MVVMC ExampleUITests";
			productReference = 9AAE21C326A5CCAC000483E2 /* MVVMC ExampleUITests.xctest */;
			productType = "com.apple.product-type.bundle.ui-testing";
		};
/* End PBXNativeTarget section */

/* Begin PBXProject section */
		9AAE219A26A5CCAA000483E2 /* Project object */ = {
			isa = PBXProject;
			attributes = {
				LastSwiftUpdateCheck = 1250;
				LastUpgradeCheck = 1250;
				TargetAttributes = {
					9AAE21A126A5CCAB000483E2 = {
						CreatedOnToolsVersion = 12.5;
					};
					9AAE21B726A5CCAC000483E2 = {
						CreatedOnToolsVersion = 12.5;
						TestTargetID = 9AAE21A126A5CCAB000483E2;
					};
					9AAE21C226A5CCAC000483E2 = {
						CreatedOnToolsVersion = 12.5;
						TestTargetID = 9AAE21A126A5CCAB000483E2;
					};
				};
			};
			buildConfigurationList = 9AAE219D26A5CCAA000483E2 /* Build configuration list for PBXProject "MVVMC Example" */;
			compatibilityVersion = "Xcode 9.3";
			developmentRegion = en;
			hasScannedForEncodings = 0;
			knownRegions = (
				en,
				Base,
			);
			mainGroup = 9AAE219926A5CCAA000483E2;
			packageReferences = (
				9AAE224426A5D52F000483E2 /* XCRemoteSwiftPackageReference "Alamofire" */,
				9AAE224726A5D562000483E2 /* XCRemoteSwiftPackageReference "SDWebImage" */,
			);
			productRefGroup = 9AAE21A326A5CCAB000483E2 /* Products */;
			projectDirPath = "";
			projectRoot = "";
			targets = (
				9AAE21A126A5CCAB000483E2 /* MVVMC Example */,
				9AAE21B726A5CCAC000483E2 /* MVVMC ExampleTests */,
				9AAE21C226A5CCAC000483E2 /* MVVMC ExampleUITests */,
			);
		};
/* End PBXProject section */

/* Begin PBXResourcesBuildPhase section */
		9AAE21A026A5CCAB000483E2 /* Resources */ = {
			isa = PBXResourcesBuildPhase;
			buildActionMask = 2147483647;
			files = (
				9AAE222D26A5D350000483E2 /* DateTableViewCell.xib in Resources */,
				9AAE21B226A5CCAB000483E2 /* LaunchScreen.storyboard in Resources */,
				9AAE224226A5D3EE000483E2 /* Assets.xcassets in Resources */,
				9AAE222826A5D350000483E2 /* RecipeTableViewCell.xib in Resources */,
			);
			runOnlyForDeploymentPostprocessing = 0;
		};
		9AAE21B626A5CCAC000483E2 /* Resources */ = {
			isa = PBXResourcesBuildPhase;
			buildActionMask = 2147483647;
			files = (
			);
			runOnlyForDeploymentPostprocessing = 0;
		};
		9AAE21C126A5CCAC000483E2 /* Resources */ = {
			isa = PBXResourcesBuildPhase;
			buildActionMask = 2147483647;
			files = (
			);
			runOnlyForDeploymentPostprocessing = 0;
		};
/* End PBXResourcesBuildPhase section */

/* Begin PBXSourcesBuildPhase section */
		9AAE219E26A5CCAB000483E2 /* Sources */ = {
			isa = PBXSourcesBuildPhase;
			buildActionMask = 2147483647;
			files = (
				F97BF54826B98A730018F58F /* RecipeDetailsViewBuilder.swift in Sources */,
				9AAE223D26A5D3EE000483E2 /* AppDIContainer.swift in Sources */,
				9ACBC10926B97AE800B5B0D2 /* RecipeDetailsViewModel.swift in Sources */,
				9AAE21FA26A5CF8F000483E2 /* DataFetchingError.swift in Sources */,
				9AAE21E026A5CE49000483E2 /* NetworkManager.swift in Sources */,
				9AAE222726A5D350000483E2 /* RecipeListViewController.swift in Sources */,
				9ACBC10526B978FC00B5B0D2 /* RecipeListViewBuilder.swift in Sources */,
				9AAE21E126A5CE49000483E2 /* Networking.swift in Sources */,
				9AAE220E26A5D18F000483E2 /* LoadingView.swift in Sources */,
				9AAE21F826A5CF8F000483E2 /* RecipeRepositoryProtocol.swift in Sources */,
				9AAE21F926A5CF8F000483E2 /* Recipe.swift in Sources */,
				9AAE21FB26A5CF8F000483E2 /* RecipeUseCase.swift in Sources */,
				9AAE222B26A5D350000483E2 /* DateTableViewCell.swift in Sources */,
				9AAE220826A5D18F000483E2 /* UIView+Extensions.swift in Sources */,
				9AAE220A26A5D18F000483E2 /* UIColor+Extensions.swift in Sources */,
				9AAE21E326A5CE53000483E2 /* RecipeListEndpoint.swift in Sources */,
				9AAE223B26A5D3EE000483E2 /* AppCoordinator.swift in Sources */,
				9ACBC10B26BAC1CE00B5B0D2 /* HFTabBarController.swift in Sources */,
				9ACBC10726B9797800B5B0D2 /* RecipeDetailsCoordinator.swift in Sources */,
				9AAE220726A5D18F000483E2 /* UIViewController+Extensions.swift in Sources */,
				9AAE224026A5D3EE000483E2 /* SceneDelegate.swift in Sources */,
				9AAE222926A5D350000483E2 /* RecipeTableViewCell.swift in Sources */,
				9AAE220D26A5D18F000483E2 /* Observable.swift in Sources */,
				9AAE220C26A5D18F000483E2 /* Storyboard+Extensions.swift in Sources */,
				9A68FD6F26A70E52002F131D /* BaseCoordinator.swift in Sources */,
				9AAE223C26A5D3EE000483E2 /* AppNavigation.swift in Sources */,
				9AAE21ED26A5CEA1000483E2 /* RecipeDataStore.swift in Sources */,
				9AAE21EA26A5CE8B000483E2 /* RecipeDataModel.swift in Sources */,
				9AAE21E726A5CE77000483E2 /* RecipeRepository.swift in Sources */,
				9AAE222C26A5D350000483E2 /* DateCellViewModel.swift in Sources */,
				9AAE220B26A5D18F000483E2 /* UITableView+Extensions.swift in Sources */,
				9AAE222426A5D350000483E2 /* RecipeListViewModel.swift in Sources */,
				9AAE222A26A5D350000483E2 /* RecipeCellViewModel.swift in Sources */,
				9AAE220926A5D18F000483E2 /* UIFont+Extensions.swift in Sources */,
				C38C658226B96976008A3975 /* RecipeListCoordinator.swift in Sources */,
				9A68FD6D26A70D7A002F131D /* Coordinator.swift in Sources */,
				9AAE223F26A5D3EE000483E2 /* AppDelegate.swift in Sources */,
				9AAE225126A642F7000483E2 /* RecipeDetailsViewController.swift in Sources */,
				9AAE223E26A5D3EE000483E2 /* RecipeDIContainer.swift in Sources */,
				9AAE224126A5D3EE000483E2 /* Constants.swift in Sources */,
			);
			runOnlyForDeploymentPostprocessing = 0;
		};
		9AAE21B426A5CCAC000483E2 /* Sources */ = {
			isa = PBXSourcesBuildPhase;
			buildActionMask = 2147483647;
			files = (
				9AAE21BD26A5CCAC000483E2 /* MVVMC_ExampleTests.swift in Sources */,
			);
			runOnlyForDeploymentPostprocessing = 0;
		};
		9AAE21BF26A5CCAC000483E2 /* Sources */ = {
			isa = PBXSourcesBuildPhase;
			buildActionMask = 2147483647;
			files = (
				9AAE21C826A5CCAC000483E2 /* MVVMC_ExampleUITests.swift in Sources */,
			);
			runOnlyForDeploymentPostprocessing = 0;
		};
/* End PBXSourcesBuildPhase section */

/* Begin PBXTargetDependency section */
		9AAE21BA26A5CCAC000483E2 /* PBXTargetDependency */ = {
			isa = PBXTargetDependency;
			target = 9AAE21A126A5CCAB000483E2 /* MVVMC Example */;
			targetProxy = 9AAE21B926A5CCAC000483E2 /* PBXContainerItemProxy */;
		};
		9AAE21C526A5CCAC000483E2 /* PBXTargetDependency */ = {
			isa = PBXTargetDependency;
			target = 9AAE21A126A5CCAB000483E2 /* MVVMC Example */;
			targetProxy = 9AAE21C426A5CCAC000483E2 /* PBXContainerItemProxy */;
		};
/* End PBXTargetDependency section */

/* Begin PBXVariantGroup section */
		9AAE21B026A5CCAB000483E2 /* LaunchScreen.storyboard */ = {
			isa = PBXVariantGroup;
			children = (
				9AAE21B126A5CCAB000483E2 /* Base */,
			);
			name = LaunchScreen.storyboard;
			sourceTree = "<group>";
		};
/* End PBXVariantGroup section */

/* Begin XCBuildConfiguration section */
		9AAE21CA26A5CCAC000483E2 /* Debug */ = {
			isa = XCBuildConfiguration;
			buildSettings = {
				ALWAYS_SEARCH_USER_PATHS = NO;
				CLANG_ANALYZER_NONNULL = YES;
				CLANG_ANALYZER_NUMBER_OBJECT_CONVERSION = YES_AGGRESSIVE;
				CLANG_CXX_LANGUAGE_STANDARD = "gnu++14";
				CLANG_CXX_LIBRARY = "libc++";
				CLANG_ENABLE_MODULES = YES;
				CLANG_ENABLE_OBJC_ARC = YES;
				CLANG_ENABLE_OBJC_WEAK = YES;
				CLANG_WARN_BLOCK_CAPTURE_AUTORELEASING = YES;
				CLANG_WARN_BOOL_CONVERSION = YES;
				CLANG_WARN_COMMA = YES;
				CLANG_WARN_CONSTANT_CONVERSION = YES;
				CLANG_WARN_DEPRECATED_OBJC_IMPLEMENTATIONS = YES;
				CLANG_WARN_DIRECT_OBJC_ISA_USAGE = YES_ERROR;
				CLANG_WARN_DOCUMENTATION_COMMENTS = YES;
				CLANG_WARN_EMPTY_BODY = YES;
				CLANG_WARN_ENUM_CONVERSION = YES;
				CLANG_WARN_INFINITE_RECURSION = YES;
				CLANG_WARN_INT_CONVERSION = YES;
				CLANG_WARN_NON_LITERAL_NULL_CONVERSION = YES;
				CLANG_WARN_OBJC_IMPLICIT_RETAIN_SELF = YES;
				CLANG_WARN_OBJC_LITERAL_CONVERSION = YES;
				CLANG_WARN_OBJC_ROOT_CLASS = YES_ERROR;
				CLANG_WARN_QUOTED_INCLUDE_IN_FRAMEWORK_HEADER = YES;
				CLANG_WARN_RANGE_LOOP_ANALYSIS = YES;
				CLANG_WARN_STRICT_PROTOTYPES = YES;
				CLANG_WARN_SUSPICIOUS_MOVE = YES;
				CLANG_WARN_UNGUARDED_AVAILABILITY = YES_AGGRESSIVE;
				CLANG_WARN_UNREACHABLE_CODE = YES;
				CLANG_WARN__DUPLICATE_METHOD_MATCH = YES;
				COPY_PHASE_STRIP = NO;
				DEBUG_INFORMATION_FORMAT = dwarf;
				ENABLE_STRICT_OBJC_MSGSEND = YES;
				ENABLE_TESTABILITY = YES;
				GCC_C_LANGUAGE_STANDARD = gnu11;
				GCC_DYNAMIC_NO_PIC = NO;
				GCC_NO_COMMON_BLOCKS = YES;
				GCC_OPTIMIZATION_LEVEL = 0;
				GCC_PREPROCESSOR_DEFINITIONS = (
					"DEBUG=1",
					"$(inherited)",
				);
				GCC_WARN_64_TO_32_BIT_CONVERSION = YES;
				GCC_WARN_ABOUT_RETURN_TYPE = YES_ERROR;
				GCC_WARN_UNDECLARED_SELECTOR = YES;
				GCC_WARN_UNINITIALIZED_AUTOS = YES_AGGRESSIVE;
				GCC_WARN_UNUSED_FUNCTION = YES;
				GCC_WARN_UNUSED_VARIABLE = YES;
				IPHONEOS_DEPLOYMENT_TARGET = 14.5;
				MTL_ENABLE_DEBUG_INFO = INCLUDE_SOURCE;
				MTL_FAST_MATH = YES;
				ONLY_ACTIVE_ARCH = YES;
				SDKROOT = iphoneos;
				SWIFT_ACTIVE_COMPILATION_CONDITIONS = DEBUG;
				SWIFT_OPTIMIZATION_LEVEL = "-Onone";
			};
			name = Debug;
		};
		9AAE21CB26A5CCAC000483E2 /* Release */ = {
			isa = XCBuildConfiguration;
			buildSettings = {
				ALWAYS_SEARCH_USER_PATHS = NO;
				CLANG_ANALYZER_NONNULL = YES;
				CLANG_ANALYZER_NUMBER_OBJECT_CONVERSION = YES_AGGRESSIVE;
				CLANG_CXX_LANGUAGE_STANDARD = "gnu++14";
				CLANG_CXX_LIBRARY = "libc++";
				CLANG_ENABLE_MODULES = YES;
				CLANG_ENABLE_OBJC_ARC = YES;
				CLANG_ENABLE_OBJC_WEAK = YES;
				CLANG_WARN_BLOCK_CAPTURE_AUTORELEASING = YES;
				CLANG_WARN_BOOL_CONVERSION = YES;
				CLANG_WARN_COMMA = YES;
				CLANG_WARN_CONSTANT_CONVERSION = YES;
				CLANG_WARN_DEPRECATED_OBJC_IMPLEMENTATIONS = YES;
				CLANG_WARN_DIRECT_OBJC_ISA_USAGE = YES_ERROR;
				CLANG_WARN_DOCUMENTATION_COMMENTS = YES;
				CLANG_WARN_EMPTY_BODY = YES;
				CLANG_WARN_ENUM_CONVERSION = YES;
				CLANG_WARN_INFINITE_RECURSION = YES;
				CLANG_WARN_INT_CONVERSION = YES;
				CLANG_WARN_NON_LITERAL_NULL_CONVERSION = YES;
				CLANG_WARN_OBJC_IMPLICIT_RETAIN_SELF = YES;
				CLANG_WARN_OBJC_LITERAL_CONVERSION = YES;
				CLANG_WARN_OBJC_ROOT_CLASS = YES_ERROR;
				CLANG_WARN_QUOTED_INCLUDE_IN_FRAMEWORK_HEADER = YES;
				CLANG_WARN_RANGE_LOOP_ANALYSIS = YES;
				CLANG_WARN_STRICT_PROTOTYPES = YES;
				CLANG_WARN_SUSPICIOUS_MOVE = YES;
				CLANG_WARN_UNGUARDED_AVAILABILITY = YES_AGGRESSIVE;
				CLANG_WARN_UNREACHABLE_CODE = YES;
				CLANG_WARN__DUPLICATE_METHOD_MATCH = YES;
				COPY_PHASE_STRIP = NO;
				DEBUG_INFORMATION_FORMAT = "dwarf-with-dsym";
				ENABLE_NS_ASSERTIONS = NO;
				ENABLE_STRICT_OBJC_MSGSEND = YES;
				GCC_C_LANGUAGE_STANDARD = gnu11;
				GCC_NO_COMMON_BLOCKS = YES;
				GCC_WARN_64_TO_32_BIT_CONVERSION = YES;
				GCC_WARN_ABOUT_RETURN_TYPE = YES_ERROR;
				GCC_WARN_UNDECLARED_SELECTOR = YES;
				GCC_WARN_UNINITIALIZED_AUTOS = YES_AGGRESSIVE;
				GCC_WARN_UNUSED_FUNCTION = YES;
				GCC_WARN_UNUSED_VARIABLE = YES;
				IPHONEOS_DEPLOYMENT_TARGET = 14.5;
				MTL_ENABLE_DEBUG_INFO = NO;
				MTL_FAST_MATH = YES;
				SDKROOT = iphoneos;
				SWIFT_COMPILATION_MODE = wholemodule;
				SWIFT_OPTIMIZATION_LEVEL = "-O";
				VALIDATE_PRODUCT = YES;
			};
			name = Release;
		};
		9AAE21CD26A5CCAC000483E2 /* Debug */ = {
			isa = XCBuildConfiguration;
			buildSettings = {
				ASSETCATALOG_COMPILER_APPICON_NAME = AppIcon;
				ASSETCATALOG_COMPILER_GLOBAL_ACCENT_COLOR_NAME = AccentColor;
				CODE_SIGN_STYLE = Automatic;
				INFOPLIST_FILE = "MVVMC Example/Commons/Resources/Info.plist";
				LD_RUNPATH_SEARCH_PATHS = (
					"$(inherited)",
					"@executable_path/Frameworks",
				);
				PRODUCT_BUNDLE_IDENTIFIER = "com.osama.MVVMC-Example";
				PRODUCT_NAME = "$(TARGET_NAME)";
				SWIFT_VERSION = 5.0;
				TARGETED_DEVICE_FAMILY = 1;
			};
			name = Debug;
		};
		9AAE21CE26A5CCAC000483E2 /* Release */ = {
			isa = XCBuildConfiguration;
			buildSettings = {
				ASSETCATALOG_COMPILER_APPICON_NAME = AppIcon;
				ASSETCATALOG_COMPILER_GLOBAL_ACCENT_COLOR_NAME = AccentColor;
				CODE_SIGN_STYLE = Automatic;
				INFOPLIST_FILE = "MVVMC Example/Commons/Resources/Info.plist";
				LD_RUNPATH_SEARCH_PATHS = (
					"$(inherited)",
					"@executable_path/Frameworks",
				);
				PRODUCT_BUNDLE_IDENTIFIER = "com.osama.MVVMC-Example";
				PRODUCT_NAME = "$(TARGET_NAME)";
				SWIFT_VERSION = 5.0;
				TARGETED_DEVICE_FAMILY = 1;
			};
			name = Release;
		};
		9AAE21D026A5CCAC000483E2 /* Debug */ = {
			isa = XCBuildConfiguration;
			buildSettings = {
				ALWAYS_EMBED_SWIFT_STANDARD_LIBRARIES = YES;
				BUNDLE_LOADER = "$(TEST_HOST)";
				CODE_SIGN_STYLE = Automatic;
				INFOPLIST_FILE = "MVVMC ExampleTests/Info.plist";
				IPHONEOS_DEPLOYMENT_TARGET = 14.5;
				LD_RUNPATH_SEARCH_PATHS = (
					"$(inherited)",
					"@executable_path/Frameworks",
					"@loader_path/Frameworks",
				);
				PRODUCT_BUNDLE_IDENTIFIER = "com.osama.MVVMC-ExampleTests";
				PRODUCT_NAME = "$(TARGET_NAME)";
				SWIFT_VERSION = 5.0;
				TARGETED_DEVICE_FAMILY = "1,2";
				TEST_HOST = "$(BUILT_PRODUCTS_DIR)/MVVMC Example.app/MVVMC Example";
			};
			name = Debug;
		};
		9AAE21D126A5CCAC000483E2 /* Release */ = {
			isa = XCBuildConfiguration;
			buildSettings = {
				ALWAYS_EMBED_SWIFT_STANDARD_LIBRARIES = YES;
				BUNDLE_LOADER = "$(TEST_HOST)";
				CODE_SIGN_STYLE = Automatic;
				INFOPLIST_FILE = "MVVMC ExampleTests/Info.plist";
				IPHONEOS_DEPLOYMENT_TARGET = 14.5;
				LD_RUNPATH_SEARCH_PATHS = (
					"$(inherited)",
					"@executable_path/Frameworks",
					"@loader_path/Frameworks",
				);
				PRODUCT_BUNDLE_IDENTIFIER = "com.osama.MVVMC-ExampleTests";
				PRODUCT_NAME = "$(TARGET_NAME)";
				SWIFT_VERSION = 5.0;
				TARGETED_DEVICE_FAMILY = "1,2";
				TEST_HOST = "$(BUILT_PRODUCTS_DIR)/MVVMC Example.app/MVVMC Example";
			};
			name = Release;
		};
		9AAE21D326A5CCAC000483E2 /* Debug */ = {
			isa = XCBuildConfiguration;
			buildSettings = {
				ALWAYS_EMBED_SWIFT_STANDARD_LIBRARIES = YES;
				CODE_SIGN_STYLE = Automatic;
				INFOPLIST_FILE = "MVVMC ExampleUITests/Info.plist";
				LD_RUNPATH_SEARCH_PATHS = (
					"$(inherited)",
					"@executable_path/Frameworks",
					"@loader_path/Frameworks",
				);
				PRODUCT_BUNDLE_IDENTIFIER = "com.osama.MVVMC-ExampleUITests";
				PRODUCT_NAME = "$(TARGET_NAME)";
				SWIFT_VERSION = 5.0;
				TARGETED_DEVICE_FAMILY = "1,2";
				TEST_TARGET_NAME = "MVVMC Example";
			};
			name = Debug;
		};
		9AAE21D426A5CCAC000483E2 /* Release */ = {
			isa = XCBuildConfiguration;
			buildSettings = {
				ALWAYS_EMBED_SWIFT_STANDARD_LIBRARIES = YES;
				CODE_SIGN_STYLE = Automatic;
				INFOPLIST_FILE = "MVVMC ExampleUITests/Info.plist";
				LD_RUNPATH_SEARCH_PATHS = (
					"$(inherited)",
					"@executable_path/Frameworks",
					"@loader_path/Frameworks",
				);
				PRODUCT_BUNDLE_IDENTIFIER = "com.osama.MVVMC-ExampleUITests";
				PRODUCT_NAME = "$(TARGET_NAME)";
				SWIFT_VERSION = 5.0;
				TARGETED_DEVICE_FAMILY = "1,2";
				TEST_TARGET_NAME = "MVVMC Example";
			};
			name = Release;
		};
/* End XCBuildConfiguration section */

/* Begin XCConfigurationList section */
		9AAE219D26A5CCAA000483E2 /* Build configuration list for PBXProject "MVVMC Example" */ = {
			isa = XCConfigurationList;
			buildConfigurations = (
				9AAE21CA26A5CCAC000483E2 /* Debug */,
				9AAE21CB26A5CCAC000483E2 /* Release */,
			);
			defaultConfigurationIsVisible = 0;
			defaultConfigurationName = Release;
		};
		9AAE21CC26A5CCAC000483E2 /* Build configuration list for PBXNativeTarget "MVVMC Example" */ = {
			isa = XCConfigurationList;
			buildConfigurations = (
				9AAE21CD26A5CCAC000483E2 /* Debug */,
				9AAE21CE26A5CCAC000483E2 /* Release */,
			);
			defaultConfigurationIsVisible = 0;
			defaultConfigurationName = Release;
		};
		9AAE21CF26A5CCAC000483E2 /* Build configuration list for PBXNativeTarget "MVVMC ExampleTests" */ = {
			isa = XCConfigurationList;
			buildConfigurations = (
				9AAE21D026A5CCAC000483E2 /* Debug */,
				9AAE21D126A5CCAC000483E2 /* Release */,
			);
			defaultConfigurationIsVisible = 0;
			defaultConfigurationName = Release;
		};
		9AAE21D226A5CCAC000483E2 /* Build configuration list for PBXNativeTarget "MVVMC ExampleUITests" */ = {
			isa = XCConfigurationList;
			buildConfigurations = (
				9AAE21D326A5CCAC000483E2 /* Debug */,
				9AAE21D426A5CCAC000483E2 /* Release */,
			);
			defaultConfigurationIsVisible = 0;
			defaultConfigurationName = Release;
		};
/* End XCConfigurationList section */

/* Begin XCRemoteSwiftPackageReference section */
		9AAE224426A5D52F000483E2 /* XCRemoteSwiftPackageReference "Alamofire" */ = {
			isa = XCRemoteSwiftPackageReference;
			repositoryURL = "https://github.com/Alamofire/Alamofire.git";
			requirement = {
				kind = upToNextMajorVersion;
				minimumVersion = 5.4.3;
			};
		};
		9AAE224726A5D562000483E2 /* XCRemoteSwiftPackageReference "SDWebImage" */ = {
			isa = XCRemoteSwiftPackageReference;
			repositoryURL = "https://github.com/SDWebImage/SDWebImage.git";
			requirement = {
				kind = upToNextMajorVersion;
				minimumVersion = 5.11.1;
			};
		};
/* End XCRemoteSwiftPackageReference section */

/* Begin XCSwiftPackageProductDependency section */
		9AAE224526A5D52F000483E2 /* Alamofire */ = {
			isa = XCSwiftPackageProductDependency;
			package = 9AAE224426A5D52F000483E2 /* XCRemoteSwiftPackageReference "Alamofire" */;
			productName = Alamofire;
		};
		9AAE224826A5D562000483E2 /* SDWebImage */ = {
			isa = XCSwiftPackageProductDependency;
			package = 9AAE224726A5D562000483E2 /* XCRemoteSwiftPackageReference "SDWebImage" */;
			productName = SDWebImage;
		};
/* End XCSwiftPackageProductDependency section */
	};
	rootObject = 9AAE219A26A5CCAA000483E2 /* Project object */;
}
